
Microsoft Visual Studio Solution File, Format Version 12.00
Project("{FAE04EC0-301F-11D3-BF4B-00C04F79EFBC}") = "Zapo.API", "Zapo.API\Zapo.API.csproj", "{586B228B-49C1-412F-BB96-B06C764CA26E}"
EndProject
Project("{FAE04EC0-301F-11D3-BF4B-00C04F79EFBC}") = "Zapo.Infrastructure", "Zapo.Infrastructure\Zapo.Infrastructure.csproj", "{08D22700-F272-4376-8ED7-C677C9D653C0}"
EndProject
Project("{FAE04EC0-301F-11D3-BF4B-00C04F79EFBC}") = "Zapo.Domain", "Zapo.Domain\Zapo.Domain.csproj", "{DFCB7E2C-1C9F-4ABE-8F40-2D05F03D8F27}"
EndProject
Project("{FAE04EC0-301F-11D3-BF4B-00C04F79EFBC}") = "Zapo.Application", "Zapo.Application\Zapo.Application.csproj", "{7BE0E129-4935-4CF4-A3DF-59575003E883}"
EndProject
Global
	GlobalSection(SolutionConfigurationPlatforms) = preSolution
		Debug|Any CPU = Debug|Any CPU
		Release|Any CPU = Release|Any CPU
	EndGlobalSection
	GlobalSection(ProjectConfigurationPlatforms) = postSolution
		{586B228B-49C1-412F-BB96-B06C764CA26E}.Debug|Any CPU.ActiveCfg = Debug|Any CPU
		{586B228B-49C1-412F-BB96-B06C764CA26E}.Debug|Any CPU.Build.0 = Debug|Any CPU
		{586B228B-49C1-412F-BB96-B06C764CA26E}.Release|Any CPU.ActiveCfg = Release|Any CPU
		{586B228B-49C1-412F-BB96-B06C764CA26E}.Release|Any CPU.Build.0 = Release|Any CPU
		{08D22700-F272-4376-8ED7-C677C9D653C0}.Debug|Any CPU.ActiveCfg = Debug|Any CPU
		{08D22700-F272-4376-8ED7-C677C9D653C0}.Debug|Any CPU.Build.0 = Debug|Any CPU
		{08D22700-F272-4376-8ED7-C677C9D653C0}.Release|Any CPU.ActiveCfg = Release|Any CPU
		{08D22700-F272-4376-8ED7-C677C9D653C0}.Release|Any CPU.Build.0 = Release|Any CPU
		{DFCB7E2C-1C9F-4ABE-8F40-2D05F03D8F27}.Debug|Any CPU.ActiveCfg = Debug|Any CPU
		{DFCB7E2C-1C9F-4ABE-8F40-2D05F03D8F27}.Debug|Any CPU.Build.0 = Debug|Any CPU
		{DFCB7E2C-1C9F-4ABE-8F40-2D05F03D8F27}.Release|Any CPU.ActiveCfg = Release|Any CPU
		{DFCB7E2C-1C9F-4ABE-8F40-2D05F03D8F27}.Release|Any CPU.Build.0 = Release|Any CPU
		{7BE0E129-4935-4CF4-A3DF-59575003E883}.Debug|Any CPU.ActiveCfg = Debug|Any CPU
		{7BE0E129-4935-4CF4-A3DF-59575003E883}.Debug|Any CPU.Build.0 = Debug|Any CPU
		{7BE0E129-4935-4CF4-A3DF-59575003E883}.Release|Any CPU.ActiveCfg = Release|Any CPU
		{7BE0E129-4935-4CF4-A3DF-59575003E883}.Release|Any CPU.Build.0 = Release|Any CPU
	EndGlobalSection
EndGlobal
