
Microsoft Visual Studio Solution File, Format Version 12.00
Project("{FAE04EC0-301F-11D3-BF4B-00C04F79EFBC}") = "Zapo.Domain", "Zapo.Domain\Zapo.Domain.csproj", "{D2B1BB31-2696-440F-B9ED-6F40752EE064}"
EndProject
Project("{FAE04EC0-301F-11D3-BF4B-00C04F79EFBC}") = "Zapo.Infrastructure", "Zapo.Infrastructure\Zapo.Infrastructure.csproj", "{07FE871A-9BB6-4CB3-B038-40C8A50E51D1}"
EndProject
Project("{FAE04EC0-301F-11D3-BF4B-00C04F79EFBC}") = "Zapo.Application", "Zapo.Application\Zapo.Application.csproj", "{E161331E-544B-477D-B466-DACB20B595AA}"
EndProject
Project("{FAE04EC0-301F-11D3-BF4B-00C04F79EFBC}") = "Zapo.API", "Zapo.API\Zapo.API.csproj", "{DB94782A-CE62-43D1-B403-BB2029B6C78B}"
EndProject
Global
	GlobalSection(SolutionConfigurationPlatforms) = preSolution
		Debug|Any CPU = Debug|Any CPU
		Release|Any CPU = Release|Any CPU
	EndGlobalSection
	GlobalSection(ProjectConfigurationPlatforms) = postSolution
		{D2B1BB31-2696-440F-B9ED-6F40752EE064}.Debug|Any CPU.ActiveCfg = Debug|Any CPU
		{D2B1BB31-2696-440F-B9ED-6F40752EE064}.Debug|Any CPU.Build.0 = Debug|Any CPU
		{D2B1BB31-2696-440F-B9ED-6F40752EE064}.Release|Any CPU.ActiveCfg = Release|Any CPU
		{D2B1BB31-2696-440F-B9ED-6F40752EE064}.Release|Any CPU.Build.0 = Release|Any CPU
		{07FE871A-9BB6-4CB3-B038-40C8A50E51D1}.Debug|Any CPU.ActiveCfg = Debug|Any CPU
		{07FE871A-9BB6-4CB3-B038-40C8A50E51D1}.Debug|Any CPU.Build.0 = Debug|Any CPU
		{07FE871A-9BB6-4CB3-B038-40C8A50E51D1}.Release|Any CPU.ActiveCfg = Release|Any CPU
		{07FE871A-9BB6-4CB3-B038-40C8A50E51D1}.Release|Any CPU.Build.0 = Release|Any CPU
		{E161331E-544B-477D-B466-DACB20B595AA}.Debug|Any CPU.ActiveCfg = Debug|Any CPU
		{E161331E-544B-477D-B466-DACB20B595AA}.Debug|Any CPU.Build.0 = Debug|Any CPU
		{E161331E-544B-477D-B466-DACB20B595AA}.Release|Any CPU.ActiveCfg = Release|Any CPU
		{E161331E-544B-477D-B466-DACB20B595AA}.Release|Any CPU.Build.0 = Release|Any CPU
		{DB94782A-CE62-43D1-B403-BB2029B6C78B}.Debug|Any CPU.ActiveCfg = Debug|Any CPU
		{DB94782A-CE62-43D1-B403-BB2029B6C78B}.Debug|Any CPU.Build.0 = Debug|Any CPU
		{DB94782A-CE62-43D1-B403-BB2029B6C78B}.Release|Any CPU.ActiveCfg = Release|Any CPU
		{DB94782A-CE62-43D1-B403-BB2029B6C78B}.Release|Any CPU.Build.0 = Release|Any CPU
	EndGlobalSection
EndGlobal
